# THIS IS AN AUTOGENERATED FILE. DO NOT EDIT THIS FILE DIRECTLY.
# yarn lockfile v1


"@silentbot1/nat-api@^0.4.8":
  version "0.4.8"
  resolved "https://registry.yarnpkg.com/@silentbot1/nat-api/-/nat-api-0.4.8.tgz#0fc9856fe65bbc34bc47a7222909a05a236a1d95"
  integrity sha512-DBz/1gGzaYIbUdGTBQ7l4NrI7a+DFZgdZShmjmBGgJR4PvQ64wKNMwle2rrW8pdiOesN+DV6/8ZN/PLuksNyTg==
  dependencies:
    chrome-dgram "^3.0.6"
    cross-fetch-ponyfill "^1.0.3"
    debug "^4.4.0"
    default-gateway "^7.2.2"
    unordered-array-remove "^1.0.2"
    xml2js "^0.6.2"

"@thaunknown/simple-peer@^10.0.11", "@thaunknown/simple-peer@^10.0.8":
  version "10.0.12"
  resolved "https://registry.yarnpkg.com/@thaunknown/simple-peer/-/simple-peer-10.0.12.tgz#e4c69e1d8525be25ea9ad214d6d72c10f35fb49c"
  integrity sha512-sDrkkOdzlJL8+FXQqYcBb2THHQU+Yrar92SjfW4ZLs877/4QA2kFejuA6DVepsoMpoIbXShc7OCXCwYt4AtGdQ==
  dependencies:
    debug "^4.3.7"
    err-code "^3.0.1"
    streamx "^2.20.1"
    uint8-util "^2.2.5"
    webrtc-polyfill "^1.1.10"

"@thaunknown/simple-websocket@^9.1.3":
  version "9.1.3"
  resolved "https://registry.yarnpkg.com/@thaunknown/simple-websocket/-/simple-websocket-9.1.3.tgz#843065027c6cf4470fb08ca78dbf9e48afc56ea6"
  integrity sha512-pf/FCJsgWtLJiJmIpiSI7acOZVq3bIQCpnNo222UFc8Ph1lOUOTpe6LoYhhiOSKB9GUaWJEVUtZ+sK1/aBgU5Q==
  dependencies:
    debug "^4.3.5"
    queue-microtask "^1.2.3"
    streamx "^2.17.0"
    uint8-util "^2.2.5"
    ws "^8.17.1"

"@thaunknown/thirty-two@^1.0.5":
  version "1.0.5"
  resolved "https://registry.yarnpkg.com/@thaunknown/thirty-two/-/thirty-two-1.0.5.tgz#c41c1756e150854cb7a264f343c0de2d0ea7cbb8"
  integrity sha512-Q53KyCXweV1CS62EfqtPDqfpksn5keQ59PGqzzkK+g8Vif1jB4inoBCcs/BUSdsqddhE3G+2Fn+4RX3S6RqT0A==
  dependencies:
